
Microsoft Visual Studio Solution File, Format Version 12.00
# Visual Studio Version 17
VisualStudioVersion = 17.9.34728.123
MinimumVisualStudioVersion = 10.0.40219.1
Project("{FAE04EC0-301F-11D3-BF4B-00C04F79EFBC}") = "Real-Time Chat App", "Real-Time Chat App.csproj", "{A737094E-9E22-406D-889D-F514F4B918C8}"
EndProject
Global
	GlobalSection(SolutionConfigurationPlatforms) = preSolution
		Debug|Any CPU = Debug|Any CPU
		Release|Any CPU = Release|Any CPU
	EndGlobalSection
	GlobalSection(ProjectConfigurationPlatforms) = postSolution
		{A737094E-9E22-406D-889D-F514F4B918C8}.Debug|Any CPU.ActiveCfg = Debug|Any CPU
		{A737094E-9E22-406D-889D-F514F4B918C8}.Debug|Any CPU.Build.0 = Debug|Any CPU
		{A737094E-9E22-406D-889D-F514F4B918C8}.Release|Any CPU.ActiveCfg = Release|Any CPU
		{A737094E-9E22-406D-889D-F514F4B918C8}.Release|Any CPU.Build.0 = Release|Any CPU
	EndGlobalSection
	GlobalSection(SolutionProperties) = preSolution
		HideSolutionNode = FALSE
	EndGlobalSection
	GlobalSection(ExtensibilityGlobals) = postSolution
		SolutionGuid = {E96ECD0D-3362-4DAA-9053-974F4C33FADC}
	EndGlobalSection
EndGlobal
